
Microsoft Visual Studio Solution File, Format Version 12.00
# Visual Studio Version 17
VisualStudioVersion = 17.9.34723.18
MinimumVisualStudioVersion = 10.0.40219.1
Project("{FAE04EC0-301F-11D3-BF4B-00C04F79EFBC}") = "Omaralgarboue", "Omaralgarboue.csproj", "{EC3A0C08-6276-4C67-B418-B203FECA331C}"
EndProject
Global
	GlobalSection(SolutionConfigurationPlatforms) = preSolution
		Debug|Any CPU = Debug|Any CPU
		Release|Any CPU = Release|Any CPU
	EndGlobalSection
	GlobalSection(ProjectConfigurationPlatforms) = postSolution
		{EC3A0C08-6276-4C67-B418-B203FECA331C}.Debug|Any CPU.ActiveCfg = Debug|Any CPU
		{EC3A0C08-6276-4C67-B418-B203FECA331C}.Debug|Any CPU.Build.0 = Debug|Any CPU
		{EC3A0C08-6276-4C67-B418-B203FECA331C}.Release|Any CPU.ActiveCfg = Release|Any CPU
		{EC3A0C08-6276-4C67-B418-B203FECA331C}.Release|Any CPU.Build.0 = Release|Any CPU
	EndGlobalSection
	GlobalSection(SolutionProperties) = preSolution
		HideSolutionNode = FALSE
	EndGlobalSection
	GlobalSection(ExtensibilityGlobals) = postSolution
		SolutionGuid = {B723D173-178C-4D20-8C7D-D917181E76C0}
	EndGlobalSection
EndGlobal
